{
    "_meta": {
        "hash": {
            "sha256": "f7e7bb1444770a0f7a80f15881b3106eb8e6a5bd37135b47a2d2f6271eae35ef"
        },
        "pipfile-spec": 6,
        "requires": {
            "python_version": "3"
        },
        "sources": [
            {
                "name": "pypi",
                "url": "https://pypi.org/simple",
                "verify_ssl": true
            }
        ]
    },
    "default": {
        "annotated-types": {
            "hashes": [
                "sha256:1f02e8b43a8fbbc3f3e0d4f0f4bfc8131bcb4eebe8849b8e5c773f3a1c582a53",
                "sha256:aff07c09a53a08bc8cfccb9c85b05f1aa9a2a6f23728d790723543408344ce89"
            ],
            "markers": "python_version >= '3.8'",
            "version": "==0.7.0"
        },
        "attrs": {
            "hashes": [
                "sha256:427318ce031701fea540783410126f03899a97ffc6f61596ad581ac2e40e3bc3",
                "sha256:75d7cefc7fb576747b2c81b4442d4d4a1ce0900973527c011d1030fd3bf4af1b"
            ],
            "markers": "python_version >= '3.8'",
            "version": "==25.3.0"
        },
        "cattrs": {
            "hashes": [
                "sha256:67c7495b760168d931a10233f979b28dc04daf853b30752246f4f8471c6d68d0",
                "sha256:8028cfe1ff5382df59dd36474a86e02d817b06eaf8af84555441bac915d2ef85"
            ],
            "markers": "python_version >= '3.8'",
            "version": "==24.1.2"
        },
        "cdk8s": {
            "hashes": [
                "sha256:3f872b327a3e83cc5cce3b1a719a1161bbae99e6ad4a91abf9ad274a68f09b6a",
                "sha256:6e969d919adb78c004997eb07094b995c1e3cbc141351414bb031daa5b1f69ee"
            ],
            "index": "pypi",
            "markers": "python_version ~= '3.8'",
            "version": "==2.68.107"
        },
        "cdk8s-plus-28": {
            "hashes": [
                "sha256:458a430dc715d8f87c963685f3a609ad07896b2988a92f4e3bcbbef261273ea1",
                "sha256:4b6673742b9a360b5703acf260ee929a9fdebc6df45474e53cb22f1dd9cc0a79"
            ],
            "index": "pypi",
            "markers": "python_version ~= '3.8'",
            "version": "==2.5.6"
        },
        "constructs": {
            "hashes": [
                "sha256:5c861542dbba8af0e35668a1179d9d443de64d03c25ad140ec67a4e6e8e5eedf",
                "sha256:b423c03447014926fb208e255cae5582dd928acea3d3e6bb9db852a54e447c25"
            ],
            "index": "pypi",
            "markers": "python_version ~= '3.8'",
            "version": "==10.3.2"
        },
        "importlib-resources": {
            "hashes": [
                "sha256:185f87adef5bcc288449d98fb4fba07cea78bc036455dd44c5fc4a2fe78fed2c",
                "sha256:789cfdc3ed28c78b67a06acb8126751ced69a3d5f79c095a98298cd8a760ccec"
            ],
            "markers": "python_version >= '3.9'",
            "version": "==6.5.2"
        },
        "jsii": {
            "hashes": [
                "sha256:b46fcc9f6c80e4a3d92c883138194b7311da43b9f954f8473fba8829bb3efaa1",
                "sha256:d7b323ca66ea9260d210d96b1406671fe399ea62d075ade6374d6bf2b7a5ad33"
            ],
            "markers": "python_version ~= '3.9'",
            "version": "==1.110.0"
        },
        "publication": {
            "hashes": [
                "sha256:0248885351febc11d8a1098d5c8e3ab2dabcf3e8c0c96db1e17ecd12b53afbe6",
                "sha256:68416a0de76dddcdd2930d1c8ef853a743cc96c82416c4e4d3b5d901c6276dc4"
            ],
            "version": "==0.0.3"
        },
        "pydantic": {
            "hashes": [
                "sha256:68be5e062d8a27668ea9788a506f293c686a3da1fd268ce6ea6372afed05aa63",
                "sha256:69b46cb670717beb829edb49ea53405d9a1fc3cdd9f45cf057a730a85e099cfb"
            ],
            "markers": "python_version >= '3.9'",
            "version": "==2.11.0b2"
        },
        "pydantic-core": {
            "hashes": [
                "sha256:00abf84d4f052c3ee5c4f35e1b87907ab18b08c5046d3d4e7401ec583cdfab67",
                "sha256:014a0c8a7d5125f9945051ad315b7d0fb00bf7b28981d30c12f63e9e350f67ff",
                "sha256:02077db7de626bba8602fa188c2762d1bfd4bd9c6e42024c42137a59a3009787",
                "sha256:04451c66c71f360421cba32529727887cea345d13dfd3b244ea505b16ea518dc",
                "sha256:0579e302f09de2ddcb9167cdcf651c9fd9ead30b38ac688a46c481391029f3aa",
                "sha256:058cdd25c082574624898134f3534e772c2bab61ed3ec6e9dea11a166b75aff7",
                "sha256:08301735e75614912291967d212cd6e21c75e7bc741e6373f8712996f28b4f6b",
                "sha256:1e0050355535ddc748823d6987999c5d4896f56aa5baad08d9f0c93890b1e9d7",
                "sha256:231fc4f1795f8b4018aed16548e26a387fc9352b995ce7956e7acb5a9d30d887",
                "sha256:23930b4caf9ef88999caadf907f8730875e8ca67781336d5c32587f9b54d678a",
                "sha256:23be245ab1499f6262f907cfaef949fbe7009d3407bba6e4afb660b97f53a675",
                "sha256:23f32c619fae4e979f698372635c8ae30bbb950bfa6c30066274ea7b6dfc1ddc",
                "sha256:2574744bd66b8ddd34bfe44e48c9edbb399a7d869f1e448366af700d027dfe25",
                "sha256:2cb87ae0937c6635112caac00650c777237c3bb78107fe158c7f8b252ee464ec",
                "sha256:2ec4eb352a80f565f4f1cc00ea124f54ba538576466d839f0d28be88de93ff70",
                "sha256:33be28f8c49d86a3a179b78b2d27933ba6998e7ba68f1d02e665755223f59a2a",
                "sha256:34a0f15aa846ce4cffe3eca844915438f536ccd6e0d49e4d29ca13928d624355",
                "sha256:375961ae097976433d28d2a7e14082a15e18c1e55e1282451fa8be67c48c447f",
                "sha256:37834e5fbc5e2d39076e8b461415fe632c42c354b1f3e5fc410670fab7e9a030",
                "sha256:3990698a4ae9bfc79cfb30e99125021992f36b07b81ee5a57f9488af317fbbfd",
                "sha256:3ad48df14bb79b138cfe14d7f538badbcf6b248497d1df8906a4ebaffd04765c",
                "sha256:4033c5211e43ac43d8bf942ce2c2965ee4f9fb5150e446f8ea51f119bd8f7c89",
                "sha256:41e7ba0412bc01b50750124916070c99a6ab3f9500a4d40e0ccfefac9ebdd6ff",
                "sha256:42a67e3afa165b20091f1e0adbaa46bc321a51b631e058a3d90e6250a378fe87",
                "sha256:442b34b249acc0f0601e39bf01a359786dd7e28d03617e03e4159b8a7927f69c",
                "sha256:4ad943962092e60ba192bbf14c17af659dd77053a12a18661a2020b190b0e115",
                "sha256:4c0cdc107d9b67e769b3c4ec9aa55b1018ad926095cbf6810ad36bcf1d9a824c",
                "sha256:4fb9523ec9c91b295cffc29f1ec9043321420369a52b01dbb813798cf3572199",
                "sha256:52bf1614f9ece8bd651897c0d82c612138da36413fb4b16251044afe4bb88fe9",
                "sha256:53794997a6a47ad1dac092bc286869bb37125eee9b431b1a56925db3f024536e",
                "sha256:539ca31d3da02affae8c38a4629d3ea17f5f76aae39343db8f6f26a2e013cb9b",
                "sha256:5695fbc13b3332b7e43ab5b00c8aa9fc8f355cb4e53660b763c0a2fcbec64e2f",
                "sha256:56e3dc48c89e1846fc634492f057fd9033bb68613d0297954f8aff1f5460c4f0",
                "sha256:5ae5bea0d627f32667b9ba706f120ffc31e2b7da52c6ae0b0b49a766de002754",
                "sha256:5c36b960dfac74a647563d1fff734836f6835534abf1f50d65daae9971560219",
                "sha256:5f526877418628ae849ac7699c3659f71a6ac8df7335d38dd2dfdc72473c7a30",
                "sha256:60a1f8f76917dfb22c3acfe3a926771fa924522392b0eff31f07ff19f4c61d97",
                "sha256:671a3a66e273e8251a79b3a91ceaf426e16a7c4f1172f1c9abbbfea511875843",
                "sha256:67b3d788d1be9132ecb329720bd29092e4ac1337b683f0edbf816aac799eeeb8",
                "sha256:6e46bdcfc88cf4113843cd4ea4a1fbb1474c9fb0906214fbd74cc31c9fdbbce9",
                "sha256:72849fbf01dad22481f581777247d1b71c7b5d23b99a96f6c40c02876140a6b2",
                "sha256:78bb80dbe70ddc0b7dce9c9298d418ff1045cbc7526b95a276f6e89b969d2b0d",
                "sha256:7a18758eea9b086eac4ac9985f67ac1e204a8636e32827420aec96fab8df3edc",
                "sha256:7bb623b47041ec577f7c65d4567d823bf2d59fcc9bf07f258408beed6218a4cf",
                "sha256:7d18834571e9ccd85be8b81578b3a03b81333e54f627b6eb862db38a0b770326",
                "sha256:80f9f02b78ace0a8c056e00c782a031319e47429721ca063d2764f9e96ac4aa8",
                "sha256:8289774b5f315d2d2837c54627f96f95ac137f94923b6cda88919ce1e5b2f5ab",
                "sha256:86570884cf0330a4eaa5ee74de00c3962ed0332412deae5005a1021708af07a7",
                "sha256:8c0721026ec77c8d8ef6767711504c8c4b50bf9a0c2e91dab6cc1c803b17217a",
                "sha256:8c631344cd27171aaa8791661791085436addd2cce9f4df3219842547e16f1ea",
                "sha256:8f8d151cfa56c661f8bba4e702dfa749a8ed6cf236f1c3ae03ee281658d98b7e",
                "sha256:8ff5b1e092ec6737466032771a872fbb1ecabc881a57e181f157382360788145",
                "sha256:92f3c3d42e4950bb4dc4f53d32f81d6094f9eeddc707c21f3294e260698d60e4",
                "sha256:930141787c4f940b41df467fe005a9cf41bbacabe651595314883b3c0efd1c07",
                "sha256:937581364b5333e5dbbf354333a72f779bcb594f21a8b363189289f61bb99bc9",
                "sha256:9438062662caced120965d9df19bd9f49cd64c2d25a8a3a9b2a97543789a8756",
                "sha256:94daffc7b389a417957b94343f68807fe48e1bb478f3f76b4f4ff4084f2cf248",
                "sha256:974aaf7092e2158725ea9e70908a9bc122f16596cd2e0b21021b388b41b727f2",
                "sha256:99d948240f8b36258c9b0a16064a2258c59cb813457f5ccd265ea5cfc68018d2",
                "sha256:9ea8a262154cf7805e5a9e23af8beb6130f8d700288769c19d363de1d93d68c5",
                "sha256:a13f15e1d48772f8ec5829a7c4fff2241384797f3ad7132570d28dae781fd017",
                "sha256:a7816ebce0418a05c618ee35e3097f3398312610d663f9e0231c8dc499c17b63",
                "sha256:a96bdfb2597960dc0d23991ebd734623afd3c36948457ee07b2ede83dfd41906",
                "sha256:acad7a6bbb9a010b58843e49339fcb8d226b9ad9151c3b9f819c4f875123eb1c",
                "sha256:ae24735998cbe975b61c9293cfcfa8d71e04fe672462bb7868a5ed2ebe36d0b3",
                "sha256:aed67e3211c67e9b93e3c3eebd5670d5226fa8ccf7df79b4481d90af5440e964",
                "sha256:b3c470480efebf336994c0abb1750f54572f8bfb1a263a3341c44ea1917b75af",
                "sha256:b4c1311372fa0938d43840bfec9de918d1c1352ab90b2ceb3ea4519cf8a4a152",
                "sha256:b557b34192279dae76838f7a789eeb5ce49c2a8f21da2ebbc06941ab42da254c",
                "sha256:b58de4b99f2f64cfca0be690a2a7b64ab67e0e6eafe7adf6cdcd001f5002882a",
                "sha256:b6995b6f17b563c0fb6270d967cbdde1c101a7319cf4a0d8e8c8b3bd9bc66e81",
                "sha256:b6f40e5d4ac378bbca444db2db86036389219a760761d4e192cc1dc4c5c43c67",
                "sha256:b76732499b19c7528db38231bbba5dd6981083fa38d13ce5e92e42b96ed8b7f7",
                "sha256:c105c936d793ebe68098fb01855869f7a6f69c3dddb81ea5fe61eca415d2d44d",
                "sha256:c56380cfdfd48c471fff111b0031fdbdea55de5538b4e8ecb4996bc8e01291d4",
                "sha256:cae8f2b1d8d2a71403cea6a1cc1e595de45acd864acc92085c9d8056a1b8a348",
                "sha256:cc3ad2d268842212e68cfd940897982350c2dc21d164e8dfb08fcc9fe23b3698",
                "sha256:cda2c8d0d13b12a2abb50085dbc86615e0cead2f07347838e030d03b486edad5",
                "sha256:d0837be0de8c75f867792d7b7d73a72f5ab8370724c7159fe02197903faa742b",
                "sha256:d0ca47f01a07b6b2b8e183d674402957d723349ba5143a167d565a33c8b0af2d",
                "sha256:d18c5cffb02552acbcd06c7869a1a399f6e4f27075adb37d0aa92e99e0b82940",
                "sha256:d55255af046758063fa178773efea11cbfb3f248b5ee68373429b60c2958e095",
                "sha256:d596202a24a01313cc7405b7c97dbdc6bf072f22b920683f1939506e9b011461",
                "sha256:d5ebf011f669a33d8b27be27dba18e1182979b7ad5a2fa83c113632cab080ebb",
                "sha256:d6ba0479d7e698df3660ba2169b8577f4b5c8657abf32fc7d4569a10d978512e",
                "sha256:dab998efcdbbad9bbbac74bd14d7761ba602d1e7ad8472e7d179d8400acc3c28",
                "sha256:dae7dc2fda3d31af3dd421f8e8dde661211a886c7a308246d7944704d36ceb8b",
                "sha256:db0bbb6014de6fad1283405d3ad2b14a1c3ac850ff493e8292b7705080331316",
                "sha256:dd4e9072391a89078c07cc95c4dce5a4dd64e655b9b33a230ef2b9245e15e0aa",
                "sha256:ea83d155fb0f130015c6b6ccf3585c98b6770d7b6af821d7b2524de47e8296ac",
                "sha256:eef865b34928e22784a9eb35b2bbc48c7b3535eded16fd3877cb8e2c6a681abe",
                "sha256:f31b754196f968d0362d348725b25ee51b6a8e364c33e623b0f335228138fb28",
                "sha256:f376ced015392872948aa64704dc01ed3ef9cc75cbfa02639811c2937fdc4fc5",
                "sha256:f385542cad8a4517bc682ec475f968a736a568e6c56676fa5abf40e4920db6ce",
                "sha256:f3a7dfda9195081bc7a11616cab618bff8247b6492026e1cc354d50c353e0527",
                "sha256:f7d5937285c1c1c11ec67cb832058bcc0aaddc77921935f7d7742ba96476d3cb",
                "sha256:fa29649eaea9d9125b3645b11797d465c3624ca70cd5f80ac00724f1d693c980",
                "sha256:fada5bfdcc56894cafc3a340e122a98351cf628c7db825832add9b2459a62521",
                "sha256:fb5998acc5eefecf5b9015bf547b37f4078929f3b2001a66421570c6e3b24919"
            ],
            "markers": "python_version >= '3.9'",
            "version": "==2.32.0"
        },
        "pydantic-settings": {
            "hashes": [
                "sha256:81942d5ac3d905f7f3ee1a70df5dfb62d5569c12f51a5a647defc1c3d9ee2e9c",
                "sha256:d5c663dfbe9db9d5e1c646b2e161da12f0d734d422ee56f567d0ea2cee4e8585"
            ],
            "index": "pypi",
            "markers": "python_version >= '3.8'",
            "version": "==2.8.1"
        },
        "python-dateutil": {
            "hashes": [
                "sha256:37dd54208da7e1cd875388217d5e00ebd4179249f90fb72437e91a35459a0ad3",
                "sha256:a8b2bc7bffae282281c8140a97d3aa9c14da0b136dfe83f850eea9a5f7470427"
            ],
            "markers": "python_version >= '2.7' and python_version not in '3.0, 3.1, 3.2, 3.3'",
            "version": "==2.9.0.post0"
        },
        "python-dotenv": {
            "hashes": [
                "sha256:e324ee90a023d808f1959c46bcbc04446a10ced277783dc6ee09987c37ec10ca",
                "sha256:f7b63ef50f1b690dddf550d03497b66d609393b40b564ed0d674909a68ebf16a"
            ],
            "markers": "python_version >= '3.8'",
            "version": "==1.0.1"
        },
        "six": {
            "hashes": [
                "sha256:4721f391ed90541fddacab5acf947aa0d3dc7d27b2e1e8eda2be8970586c3274",
                "sha256:ff70335d468e7eb6ec65b95b99d3a2836546063f63acc5171de367e834932a81"
            ],
            "markers": "python_version >= '2.7' and python_version not in '3.0, 3.1, 3.2, 3.3'",
            "version": "==1.17.0"
        },
        "typeguard": {
            "hashes": [
                "sha256:00edaa8da3a133674796cf5ea87d9f4b4c367d77476e185e80251cc13dfbb8c4",
                "sha256:5e3e3be01e887e7eafae5af63d1f36c849aaa94e3a0112097312aabfa16284f1"
            ],
            "markers": "python_full_version >= '3.5.3'",
            "version": "==2.13.3"
        },
        "typing-extensions": {
            "hashes": [
                "sha256:5d1e1dcab6084691e9ad8f5578fee079638b5a892a446d1661f031b70923427a",
                "sha256:b96098d00e51f5f49e81869f772977899968b109ca444c79a68f85dd1632df37"
            ],
            "markers": "python_version >= '3.8'",
            "version": "==4.13.0rc1"
        },
        "typing-inspection": {
            "hashes": [
                "sha256:50e72559fcd2a6367a19f7a7e610e6afcb9fac940c650290eed893d61386832f",
                "sha256:9765c87de36671694a67904bf2c96e395be9c6439bb6c87b5142569dcdd65122"
            ],
            "markers": "python_version >= '3.9'",
            "version": "==0.4.0"
        }
    },
    "develop": {}
}
